
Microsoft Visual Studio Solution File, Format Version 12.00
# Visual Studio Version 17
VisualStudioVersion = 17.9.34701.34
MinimumVisualStudioVersion = 10.0.40219.1
Project("{FAE04EC0-301F-11D3-BF4B-00C04F79EFBC}") = "eTickets", "eTickets\eTickets.csproj", "{C644DB3D-5B29-4C9A-8B27-571F1571EF7A}"
EndProject
Global
	GlobalSection(SolutionConfigurationPlatforms) = preSolution
		Debug|Any CPU = Debug|Any CPU
		Release|Any CPU = Release|Any CPU
	EndGlobalSection
	GlobalSection(ProjectConfigurationPlatforms) = postSolution
		{C644DB3D-5B29-4C9A-8B27-571F1571EF7A}.Debug|Any CPU.ActiveCfg = Debug|Any CPU
		{C644DB3D-5B29-4C9A-8B27-571F1571EF7A}.Debug|Any CPU.Build.0 = Debug|Any CPU
		{C644DB3D-5B29-4C9A-8B27-571F1571EF7A}.Release|Any CPU.ActiveCfg = Release|Any CPU
		{C644DB3D-5B29-4C9A-8B27-571F1571EF7A}.Release|Any CPU.Build.0 = Release|Any CPU
	EndGlobalSection
	GlobalSection(SolutionProperties) = preSolution
		HideSolutionNode = FALSE
	EndGlobalSection
	GlobalSection(ExtensibilityGlobals) = postSolution
		SolutionGuid = {549E3161-DF89-4F57-89AA-01B3E332406B}
	EndGlobalSection
EndGlobal
